// !$*UTF8*$!
{
	archiveVersion = 1;
	classes = {
	};
	objectVersion = 56;
	objects = {

/* Begin PBXBuildFile section */
		851EBB152AE961A0007F010F /* CountriesViewController.swift in Sources */ = {isa = PBXBuildFile; fileRef = 851EBB142AE961A0007F010F /* CountriesViewController.swift */; };
		851EBB172AE972D2007F010F /* CountriesAPI.swift in Sources */ = {isa = PBXBuildFile; fileRef = 851EBB162AE972D2007F010F /* CountriesAPI.swift */; };
		851EBB192AE9A722007F010F /* CountryTableViewCell.swift in Sources */ = {isa = PBXBuildFile; fileRef = 851EBB182AE9A721007F010F /* CountryTableViewCell.swift */; };
		85B6AA8E2AE80BB700CDF4C0 /* AppDelegate.swift in Sources */ = {isa = PBXBuildFile; fileRef = 85B6AA8D2AE80BB700CDF4C0 /* AppDelegate.swift */; };
		85B6AA902AE80BB700CDF4C0 /* SceneDelegate.swift in Sources */ = {isa = PBXBuildFile; fileRef = 85B6AA8F2AE80BB700CDF4C0 /* SceneDelegate.swift */; };
		85B6AA922AE80BB700CDF4C0 /* ViewController.swift in Sources */ = {isa = PBXBuildFile; fileRef = 85B6AA912AE80BB700CDF4C0 /* ViewController.swift */; };
		85B6AA952AE80BB700CDF4C0 /* Main.storyboard in Resources */ = {isa = PBXBuildFile; fileRef = 85B6AA932AE80BB700CDF4C0 /* Main.storyboard */; };
		85B6AA972AE80BB800CDF4C0 /* Assets.xcassets in Resources */ = {isa = PBXBuildFile; fileRef = 85B6AA962AE80BB800CDF4C0 /* Assets.xcassets */; };
		85B6AA9A2AE80BB800CDF4C0 /* LaunchScreen.storyboard in Resources */ = {isa = PBXBuildFile; fileRef = 85B6AA982AE80BB800CDF4C0 /* LaunchScreen.storyboard */; };
/* End PBXBuildFile section */

/* Begin PBXFileReference section */
		851EBB142AE961A0007F010F /* CountriesViewController.swift */ = {isa = PBXFileReference; lastKnownFileType = sourcecode.swift; path = CountriesViewController.swift; sourceTree = "<group>"; };
		851EBB162AE972D2007F010F /* CountriesAPI.swift */ = {isa = PBXFileReference; lastKnownFileType = sourcecode.swift; path = CountriesAPI.swift; sourceTree = "<group>"; };
		851EBB182AE9A721007F010F /* CountryTableViewCell.swift */ = {isa = PBXFileReference; lastKnownFileType = sourcecode.swift; path = CountryTableViewCell.swift; sourceTree = "<group>"; };
		85B6AA8A2AE80BB700CDF4C0 /* CountriesApp-Kyle.app */ = {isa = PBXFileReference; explicitFileType = wrapper.application; includeInIndex = 0; path = "CountriesApp-Kyle.app"; sourceTree = BUILT_PRODUCTS_DIR; };
		85B6AA8D2AE80BB700CDF4C0 /* AppDelegate.swift */ = {isa = PBXFileReference; lastKnownFileType = sourcecode.swift; path = AppDelegate.swift; sourceTree = "<group>"; };
		85B6AA8F2AE80BB700CDF4C0 /* SceneDelegate.swift */ = {isa = PBXFileReference; lastKnownFileType = sourcecode.swift; path = SceneDelegate.swift; sourceTree = "<group>"; };
		85B6AA912AE80BB700CDF4C0 /* ViewController.swift */ = {isa = PBXFileReference; lastKnownFileType = sourcecode.swift; path = ViewController.swift; sourceTree = "<group>"; };
		85B6AA942AE80BB700CDF4C0 /* Base */ = {isa = PBXFileReference; lastKnownFileType = file.storyboard; name = Base; path = Base.lproj/Main.storyboard; sourceTree = "<group>"; };
		85B6AA962AE80BB800CDF4C0 /* Assets.xcassets */ = {isa = PBXFileReference; lastKnownFileType = folder.assetcatalog; path = Assets.xcassets; sourceTree = "<group>"; };
		85B6AA992AE80BB800CDF4C0 /* Base */ = {isa = PBXFileReference; lastKnownFileType = file.storyboard; name = Base; path = Base.lproj/LaunchScreen.storyboard; sourceTree = "<group>"; };
		85B6AA9B2AE80BB800CDF4C0 /* Info.plist */ = {isa = PBXFileReference; lastKnownFileType = text.plist.xml; path = Info.plist; sourceTree = "<group>"; };
/* End PBXFileReference section */

/* Begin PBXFrameworksBuildPhase section */
		85B6AA872AE80BB700CDF4C0 /* Frameworks */ = {
			isa = PBXFrameworksBuildPhase;
			buildActionMask = 2147483647;
			files = (
			);
			runOnlyForDeploymentPostprocessing = 0;
		};
/* End PBXFrameworksBuildPhase section */

/* Begin PBXGroup section */
		85B6AA812AE80BB700CDF4C0 = {
			isa = PBXGroup;
			children = (
				85B6AA8C2AE80BB700CDF4C0 /* CountriesApp-Kyle */,
				85B6AA8B2AE80BB700CDF4C0 /* Products */,
			);
			sourceTree = "<group>";
		};
		85B6AA8B2AE80BB700CDF4C0 /* Products */ = {
			isa = PBXGroup;
			children = (
				85B6AA8A2AE80BB700CDF4C0 /* CountriesApp-Kyle.app */,
			);
			name = Products;
			sourceTree = "<group>";
		};
		85B6AA8C2AE80BB700CDF4C0 /* CountriesApp-Kyle */ = {
			isa = PBXGroup;
			children = (
				85B6AA8D2AE80BB700CDF4C0 /* AppDelegate.swift */,
				85B6AA8F2AE80BB700CDF4C0 /* SceneDelegate.swift */,
				85B6AA912AE80BB700CDF4C0 /* ViewController.swift */,
				851EBB142AE961A0007F010F /* CountriesViewController.swift */,
				851EBB162AE972D2007F010F /* CountriesAPI.swift */,
				851EBB182AE9A721007F010F /* CountryTableViewCell.swift */,
				85B6AA932AE80BB700CDF4C0 /* Main.storyboard */,
				85B6AA962AE80BB800CDF4C0 /* Assets.xcassets */,
				85B6AA982AE80BB800CDF4C0 /* LaunchScreen.storyboard */,
				85B6AA9B2AE80BB800CDF4C0 /* Info.plist */,
			);
			path = "CountriesApp-Kyle";
			sourceTree = "<group>";
		};
/* End PBXGroup section */

/* Begin PBXNativeTarget section */
		85B6AA892AE80BB700CDF4C0 /* CountriesApp-Kyle */ = {
			isa = PBXNativeTarget;
			buildConfigurationList = 85B6AA9E2AE80BB800CDF4C0 /* Build configuration list for PBXNativeTarget "CountriesApp-Kyle" */;
			buildPhases = (
				85B6AA862AE80BB700CDF4C0 /* Sources */,
				85B6AA872AE80BB700CDF4C0 /* Frameworks */,
				85B6AA882AE80BB700CDF4C0 /* Resources */,
			);
			buildRules = (
			);
			dependencies = (
			);
			name = "CountriesApp-Kyle";
			productName = "CountriesApp-Kyle";
			productReference = 85B6AA8A2AE80BB700CDF4C0 /* CountriesApp-Kyle.app */;
			productType = "com.apple.product-type.application";
		};
/* End PBXNativeTarget section */

/* Begin PBXProject section */
		85B6AA822AE80BB700CDF4C0 /* Project object */ = {
			isa = PBXProject;
			attributes = {
				BuildIndependentTargetsInParallel = 1;
				LastSwiftUpdateCheck = 1430;
				LastUpgradeCheck = 1430;
				TargetAttributes = {
					85B6AA892AE80BB700CDF4C0 = {
						CreatedOnToolsVersion = 14.3.1;
					};
				};
			};
			buildConfigurationList = 85B6AA852AE80BB700CDF4C0 /* Build configuration list for PBXProject "CountriesApp-Kyle" */;
			compatibilityVersion = "Xcode 14.0";
			developmentRegion = en;
			hasScannedForEncodings = 0;
			knownRegions = (
				en,
				Base,
			);
			mainGroup = 85B6AA812AE80BB700CDF4C0;
			productRefGroup = 85B6AA8B2AE80BB700CDF4C0 /* Products */;
			projectDirPath = "";
			projectRoot = "";
			targets = (
				85B6AA892AE80BB700CDF4C0 /* CountriesApp-Kyle */,
			);
		};
/* End PBXProject section */

/* Begin PBXResourcesBuildPhase section */
		85B6AA882AE80BB700CDF4C0 /* Resources */ = {
			isa = PBXResourcesBuildPhase;
			buildActionMask = 2147483647;
			files = (
				85B6AA9A2AE80BB800CDF4C0 /* LaunchScreen.storyboard in Resources */,
				85B6AA972AE80BB800CDF4C0 /* Assets.xcassets in Resources */,
				85B6AA952AE80BB700CDF4C0 /* Main.storyboard in Resources */,
			);
			runOnlyForDeploymentPostprocessing = 0;
		};
/* End PBXResourcesBuildPhase section */

/* Begin PBXSourcesBuildPhase section */
		85B6AA862AE80BB700CDF4C0 /* Sources */ = {
			isa = PBXSourcesBuildPhase;
			buildActionMask = 2147483647;
			files = (
				851EBB192AE9A722007F010F /* CountryTableViewCell.swift in Sources */,
				851EBB172AE972D2007F010F /* CountriesAPI.swift in Sources */,
				85B6AA922AE80BB700CDF4C0 /* ViewController.swift in Sources */,
				85B6AA8E2AE80BB700CDF4C0 /* AppDelegate.swift in Sources */,
				85B6AA902AE80BB700CDF4C0 /* SceneDelegate.swift in Sources */,
				851EBB152AE961A0007F010F /* CountriesViewController.swift in Sources */,
			);
			runOnlyForDeploymentPostprocessing = 0;
		};
/* End PBXSourcesBuildPhase section */

/* Begin PBXVariantGroup section */
		85B6AA932AE80BB700CDF4C0 /* Main.storyboard */ = {
			isa = PBXVariantGroup;
			children = (
				85B6AA942AE80BB700CDF4C0 /* Base */,
			);
			name = Main.storyboard;
			sourceTree = "<group>";
		};
		85B6AA982AE80BB800CDF4C0 /* LaunchScreen.storyboard */ = {
			isa = PBXVariantGroup;
			children = (
				85B6AA992AE80BB800CDF4C0 /* Base */,
			);
			name = LaunchScreen.storyboard;
			sourceTree = "<group>";
		};
/* End PBXVariantGroup section */

/* Begin XCBuildConfiguration section */
		85B6AA9C2AE80BB800CDF4C0 /* Debug */ = {
			isa = XCBuildConfiguration;
			buildSettings = {
				ALWAYS_SEARCH_USER_PATHS = NO;
				CLANG_ANALYZER_NONNULL = YES;
				CLANG_ANALYZER_NUMBER_OBJECT_CONVERSION = YES_AGGRESSIVE;
				CLANG_CXX_LANGUAGE_STANDARD = "gnu++20";
				CLANG_ENABLE_MODULES = YES;
				CLANG_ENABLE_OBJC_ARC = YES;
				CLANG_ENABLE_OBJC_WEAK = YES;
				CLANG_WARN_BLOCK_CAPTURE_AUTORELEASING = YES;
				CLANG_WARN_BOOL_CONVERSION = YES;
				CLANG_WARN_COMMA = YES;
				CLANG_WARN_CONSTANT_CONVERSION = YES;
				CLANG_WARN_DEPRECATED_OBJC_IMPLEMENTATIONS = YES;
				CLANG_WARN_DIRECT_OBJC_ISA_USAGE = YES_ERROR;
				CLANG_WARN_DOCUMENTATION_COMMENTS = YES;
				CLANG_WARN_EMPTY_BODY = YES;
				CLANG_WARN_ENUM_CONVERSION = YES;
				CLANG_WARN_INFINITE_RECURSION = YES;
				CLANG_WARN_INT_CONVERSION = YES;
				CLANG_WARN_NON_LITERAL_NULL_CONVERSION = YES;
				CLANG_WARN_OBJC_IMPLICIT_RETAIN_SELF = YES;
				CLANG_WARN_OBJC_LITERAL_CONVERSION = YES;
				CLANG_WARN_OBJC_ROOT_CLASS = YES_ERROR;
				CLANG_WARN_QUOTED_INCLUDE_IN_FRAMEWORK_HEADER = YES;
				CLANG_WARN_RANGE_LOOP_ANALYSIS = YES;
				CLANG_WARN_STRICT_PROTOTYPES = YES;
				CLANG_WARN_SUSPICIOUS_MOVE = YES;
				CLANG_WARN_UNGUARDED_AVAILABILITY = YES_AGGRESSIVE;
				CLANG_WARN_UNREACHABLE_CODE = YES;
				CLANG_WARN__DUPLICATE_METHOD_MATCH = YES;
				COPY_PHASE_STRIP = NO;
				DEBUG_INFORMATION_FORMAT = dwarf;
				ENABLE_STRICT_OBJC_MSGSEND = YES;
				ENABLE_TESTABILITY = YES;
				GCC_C_LANGUAGE_STANDARD = gnu11;
				GCC_DYNAMIC_NO_PIC = NO;
				GCC_NO_COMMON_BLOCKS = YES;
				GCC_OPTIMIZATION_LEVEL = 0;
				GCC_PREPROCESSOR_DEFINITIONS = (
					"DEBUG=1",
					"$(inherited)",
				);
				GCC_WARN_64_TO_32_BIT_CONVERSION = YES;
				GCC_WARN_ABOUT_RETURN_TYPE = YES_ERROR;
				GCC_WARN_UNDECLARED_SELECTOR = YES;
				GCC_WARN_UNINITIALIZED_AUTOS = YES_AGGRESSIVE;
				GCC_WARN_UNUSED_FUNCTION = YES;
				GCC_WARN_UNUSED_VARIABLE = YES;
				IPHONEOS_DEPLOYMENT_TARGET = 16.4;
				MTL_ENABLE_DEBUG_INFO = INCLUDE_SOURCE;
				MTL_FAST_MATH = YES;
				ONLY_ACTIVE_ARCH = YES;
				SDKROOT = iphoneos;
				SWIFT_ACTIVE_COMPILATION_CONDITIONS = DEBUG;
				SWIFT_OPTIMIZATION_LEVEL = "-Onone";
			};
			name = Debug;
		};
		85B6AA9D2AE80BB800CDF4C0 /* Release */ = {
			isa = XCBuildConfiguration;
			buildSettings = {
				ALWAYS_SEARCH_USER_PATHS = NO;
				CLANG_ANALYZER_NONNULL = YES;
				CLANG_ANALYZER_NUMBER_OBJECT_CONVERSION = YES_AGGRESSIVE;
				CLANG_CXX_LANGUAGE_STANDARD = "gnu++20";
				CLANG_ENABLE_MODULES = YES;
				CLANG_ENABLE_OBJC_ARC = YES;
				CLANG_ENABLE_OBJC_WEAK = YES;
				CLANG_WARN_BLOCK_CAPTURE_AUTORELEASING = YES;
				CLANG_WARN_BOOL_CONVERSION = YES;
				CLANG_WARN_COMMA = YES;
				CLANG_WARN_CONSTANT_CONVERSION = YES;
				CLANG_WARN_DEPRECATED_OBJC_IMPLEMENTATIONS = YES;
				CLANG_WARN_DIRECT_OBJC_ISA_USAGE = YES_ERROR;
				CLANG_WARN_DOCUMENTATION_COMMENTS = YES;
				CLANG_WARN_EMPTY_BODY = YES;
				CLANG_WARN_ENUM_CONVERSION = YES;
				CLANG_WARN_INFINITE_RECURSION = YES;
				CLANG_WARN_INT_CONVERSION = YES;
				CLANG_WARN_NON_LITERAL_NULL_CONVERSION = YES;
				CLANG_WARN_OBJC_IMPLICIT_RETAIN_SELF = YES;
				CLANG_WARN_OBJC_LITERAL_CONVERSION = YES;
				CLANG_WARN_OBJC_ROOT_CLASS = YES_ERROR;
				CLANG_WARN_QUOTED_INCLUDE_IN_FRAMEWORK_HEADER = YES;
				CLANG_WARN_RANGE_LOOP_ANALYSIS = YES;
				CLANG_WARN_STRICT_PROTOTYPES = YES;
				CLANG_WARN_SUSPICIOUS_MOVE = YES;
				CLANG_WARN_UNGUARDED_AVAILABILITY = YES_AGGRESSIVE;
				CLANG_WARN_UNREACHABLE_CODE = YES;
				CLANG_WARN__DUPLICATE_METHOD_MATCH = YES;
				COPY_PHASE_STRIP = NO;
				DEBUG_INFORMATION_FORMAT = "dwarf-with-dsym";
				ENABLE_NS_ASSERTIONS = NO;
				ENABLE_STRICT_OBJC_MSGSEND = YES;
				GCC_C_LANGUAGE_STANDARD = gnu11;
				GCC_NO_COMMON_BLOCKS = YES;
				GCC_WARN_64_TO_32_BIT_CONVERSION = YES;
				GCC_WARN_ABOUT_RETURN_TYPE = YES_ERROR;
				GCC_WARN_UNDECLARED_SELECTOR = YES;
				GCC_WARN_UNINITIALIZED_AUTOS = YES_AGGRESSIVE;
				GCC_WARN_UNUSED_FUNCTION = YES;
				GCC_WARN_UNUSED_VARIABLE = YES;
				IPHONEOS_DEPLOYMENT_TARGET = 16.4;
				MTL_ENABLE_DEBUG_INFO = NO;
				MTL_FAST_MATH = YES;
				SDKROOT = iphoneos;
				SWIFT_COMPILATION_MODE = wholemodule;
				SWIFT_OPTIMIZATION_LEVEL = "-O";
				VALIDATE_PRODUCT = YES;
			};
			name = Release;
		};
		85B6AA9F2AE80BB800CDF4C0 /* Debug */ = {
			isa = XCBuildConfiguration;
			buildSettings = {
				ASSETCATALOG_COMPILER_APPICON_NAME = AppIcon;
				ASSETCATALOG_COMPILER_GLOBAL_ACCENT_COLOR_NAME = AccentColor;
				CODE_SIGN_STYLE = Automatic;
				CURRENT_PROJECT_VERSION = 1;
				GENERATE_INFOPLIST_FILE = YES;
				INFOPLIST_FILE = "CountriesApp-Kyle/Info.plist";
				INFOPLIST_KEY_UIApplicationSupportsIndirectInputEvents = YES;
				INFOPLIST_KEY_UILaunchStoryboardName = LaunchScreen;
				INFOPLIST_KEY_UIMainStoryboardFile = Main;
				INFOPLIST_KEY_UISupportedInterfaceOrientations_iPad = "UIInterfaceOrientationPortrait UIInterfaceOrientationPortraitUpsideDown UIInterfaceOrientationLandscapeLeft UIInterfaceOrientationLandscapeRight";
				INFOPLIST_KEY_UISupportedInterfaceOrientations_iPhone = "UIInterfaceOrientationPortrait UIInterfaceOrientationLandscapeLeft UIInterfaceOrientationLandscapeRight";
				LD_RUNPATH_SEARCH_PATHS = (
					"$(inherited)",
					"@executable_path/Frameworks",
				);
				MARKETING_VERSION = 1.0;
				PRODUCT_BUNDLE_IDENTIFIER = "com.kyleanthonyhay.CountriesApp-Kyle";
				PRODUCT_NAME = "$(TARGET_NAME)";
				SWIFT_EMIT_LOC_STRINGS = YES;
				SWIFT_VERSION = 5.0;
				TARGETED_DEVICE_FAMILY = "1,2";
			};
			name = Debug;
		};
		85B6AAA02AE80BB800CDF4C0 /* Release */ = {
			isa = XCBuildConfiguration;
			buildSettings = {
				ASSETCATALOG_COMPILER_APPICON_NAME = AppIcon;
				ASSETCATALOG_COMPILER_GLOBAL_ACCENT_COLOR_NAME = AccentColor;
				CODE_SIGN_STYLE = Automatic;
				CURRENT_PROJECT_VERSION = 1;
				GENERATE_INFOPLIST_FILE = YES;
				INFOPLIST_FILE = "CountriesApp-Kyle/Info.plist";
				INFOPLIST_KEY_UIApplicationSupportsIndirectInputEvents = YES;
				INFOPLIST_KEY_UILaunchStoryboardName = LaunchScreen;
				INFOPLIST_KEY_UIMainStoryboardFile = Main;
				INFOPLIST_KEY_UISupportedInterfaceOrientations_iPad = "UIInterfaceOrientationPortrait UIInterfaceOrientationPortraitUpsideDown UIInterfaceOrientationLandscapeLeft UIInterfaceOrientationLandscapeRight";
				INFOPLIST_KEY_UISupportedInterfaceOrientations_iPhone = "UIInterfaceOrientationPortrait UIInterfaceOrientationLandscapeLeft UIInterfaceOrientationLandscapeRight";
				LD_RUNPATH_SEARCH_PATHS = (
					"$(inherited)",
					"@executable_path/Frameworks",
				);
				MARKETING_VERSION = 1.0;
				PRODUCT_BUNDLE_IDENTIFIER = "com.kyleanthonyhay.CountriesApp-Kyle";
				PRODUCT_NAME = "$(TARGET_NAME)";
				SWIFT_EMIT_LOC_STRINGS = YES;
				SWIFT_VERSION = 5.0;
				TARGETED_DEVICE_FAMILY = "1,2";
			};
			name = Release;
		};
/* End XCBuildConfiguration section */

/* Begin XCConfigurationList section */
		85B6AA852AE80BB700CDF4C0 /* Build configuration list for PBXProject "CountriesApp-Kyle" */ = {
			isa = XCConfigurationList;
			buildConfigurations = (
				85B6AA9C2AE80BB800CDF4C0 /* Debug */,
				85B6AA9D2AE80BB800CDF4C0 /* Release */,
			);
			defaultConfigurationIsVisible = 0;
			defaultConfigurationName = Release;
		};
		85B6AA9E2AE80BB800CDF4C0 /* Build configuration list for PBXNativeTarget "CountriesApp-Kyle" */ = {
			isa = XCConfigurationList;
			buildConfigurations = (
				85B6AA9F2AE80BB800CDF4C0 /* Debug */,
				85B6AAA02AE80BB800CDF4C0 /* Release */,
			);
			defaultConfigurationIsVisible = 0;
			defaultConfigurationName = Release;
		};
/* End XCConfigurationList section */
	};
	rootObject = 85B6AA822AE80BB700CDF4C0 /* Project object */;
}
